// !$*UTF8*$!
{
	archiveVersion = 1;
	classes = {
	};
	objectVersion = 54;
	objects = {

/* Begin PBXAggregateTarget section */
		C78B9219252DCFBD0026B9B1 /* SwiftLint */ = {
			isa = PBXAggregateTarget;
			buildConfigurationList = C78B921C252DCFBD0026B9B1 /* Build configuration list for PBXAggregateTarget "SwiftLint" */;
			buildPhases = (
				C78B9220252DCFEC0026B9B1 /* SwiftLint */,
			);
			dependencies = (
			);
			name = SwiftLint;
			productName = SwiftLint;
		};
/* End PBXAggregateTarget section */

/* Begin PBXBuildFile section */
		142E824A2C110C2D006A2FAB /* Compression.swift in Sources */ = {isa = PBXBuildFile; fileRef = 142E82492C110C2D006A2FAB /* Compression.swift */; };
		C71A59F227CA57CD00A577EC /* FileManager+Windows.swift in Sources */ = {isa = PBXBuildFile; fileRef = C71A59F127CA57CD00A577EC /* FileManager+Windows.swift */; };
		C71A59F427CA580100A577EC /* FileManager+WindowsTests.swift in Sources */ = {isa = PBXBuildFile; fileRef = C71A59F327CA580100A577EC /* FileManager+WindowsTests.swift */; };
		C74F94B226777D38003A88BE /* CPuppy.framework in Frameworks */ = {isa = PBXBuildFile; fileRef = C74F94A926777D38003A88BE /* CPuppy.framework */; };
		C74F94C226777DF7003A88BE /* CPuppyTests.m in Sources */ = {isa = PBXBuildFile; fileRef = C74F94C126777DF7003A88BE /* CPuppyTests.m */; };
		C74F94C326777E1D003A88BE /* CPuppy.h in Headers */ = {isa = PBXBuildFile; fileRef = C712BB09266F31A60016A768 /* CPuppy.h */; settings = {ATTRIBUTES = (Public, ); }; };
		C74F94C826778428003A88BE /* CPuppy.framework in Frameworks */ = {isa = PBXBuildFile; fileRef = C74F94A926777D38003A88BE /* CPuppy.framework */; };
		C7695BB42533303900E0CA22 /* MockLogger.swift in Sources */ = {isa = PBXBuildFile; fileRef = C7695BB32533303900E0CA22 /* MockLogger.swift */; };
		C77B4C0729B62CE000F94C0E /* Logging in Frameworks */ = {isa = PBXBuildFile; productRef = C77B4C0629B62CE000F94C0E /* Logging */; };
		C789CB8E27A81146001C7589 /* CPuppy.c in Sources */ = {isa = PBXBuildFile; fileRef = C712BB0B266F31C80016A768 /* CPuppy.c */; };
		C7CF79DB28F6DA0900CF55C3 /* Loggerable.swift in Sources */ = {isa = PBXBuildFile; fileRef = C7CF79DA28F6DA0900CF55C3 /* Loggerable.swift */; };
		C7CF79DD28F6DB1B00CF55C3 /* FileLoggerable.swift in Sources */ = {isa = PBXBuildFile; fileRef = C7CF79DC28F6DB1B00CF55C3 /* FileLoggerable.swift */; };
		C7CF79DF28F6DE8600CF55C3 /* Compatibility.swift in Sources */ = {isa = PBXBuildFile; fileRef = C7CF79DE28F6DE8600CF55C3 /* Compatibility.swift */; };
		C7CF79E128F6E24300CF55C3 /* LoggerableTests.swift in Sources */ = {isa = PBXBuildFile; fileRef = C7CF79E028F6E24300CF55C3 /* LoggerableTests.swift */; };
		C7ED71A8252DBEC70065B955 /* Puppy.framework in Frameworks */ = {isa = PBXBuildFile; fileRef = C7ED719E252DBEC70065B955 /* Puppy.framework */; };
		C7ED71FC252DC0C50065B955 /* FileRotationLogger.swift in Sources */ = {isa = PBXBuildFile; fileRef = C7ED71F0252DC0C50065B955 /* FileRotationLogger.swift */; };
		C7ED71FD252DC0C50065B955 /* SystemLogger.swift in Sources */ = {isa = PBXBuildFile; fileRef = C7ED71F1252DC0C50065B955 /* SystemLogger.swift */; };
		C7ED71FE252DC0C50065B955 /* LogFormatter.swift in Sources */ = {isa = PBXBuildFile; fileRef = C7ED71F2252DC0C50065B955 /* LogFormatter.swift */; };
		C7ED7200252DC0C50065B955 /* PuppyLogHandler.swift in Sources */ = {isa = PBXBuildFile; fileRef = C7ED71F4252DC0C50065B955 /* PuppyLogHandler.swift */; };
		C7ED7201252DC0C50065B955 /* LogColor.swift in Sources */ = {isa = PBXBuildFile; fileRef = C7ED71F5252DC0C50065B955 /* LogColor.swift */; };
		C7ED7202252DC0C50065B955 /* Puppy.swift in Sources */ = {isa = PBXBuildFile; fileRef = C7ED71F6252DC0C50065B955 /* Puppy.swift */; };
		C7ED7203252DC0C50065B955 /* FileError.swift in Sources */ = {isa = PBXBuildFile; fileRef = C7ED71F7252DC0C50065B955 /* FileError.swift */; };
		C7ED7204252DC0C50065B955 /* ConsoleLogger.swift in Sources */ = {isa = PBXBuildFile; fileRef = C7ED71F8252DC0C50065B955 /* ConsoleLogger.swift */; };
		C7ED7205252DC0C50065B955 /* FileLogger.swift in Sources */ = {isa = PBXBuildFile; fileRef = C7ED71F9252DC0C50065B955 /* FileLogger.swift */; };
		C7ED7206252DC0C50065B955 /* OSLogger.swift in Sources */ = {isa = PBXBuildFile; fileRef = C7ED71FA252DC0C50065B955 /* OSLogger.swift */; };
		C7ED7207252DC0C50065B955 /* LogLevel.swift in Sources */ = {isa = PBXBuildFile; fileRef = C7ED71FB252DC0C50065B955 /* LogLevel.swift */; };
		C7ED7219252DC1590065B955 /* PuppyLogHandlerTests.swift in Sources */ = {isa = PBXBuildFile; fileRef = C7ED7210252DC1590065B955 /* PuppyLogHandlerTests.swift */; };
		C7ED721A252DC1590065B955 /* LogFormatterTests.swift in Sources */ = {isa = PBXBuildFile; fileRef = C7ED7211252DC1590065B955 /* LogFormatterTests.swift */; };
		C7ED721B252DC1590065B955 /* OSLoggerTests.swift in Sources */ = {isa = PBXBuildFile; fileRef = C7ED7212252DC1590065B955 /* OSLoggerTests.swift */; };
		C7ED721C252DC1590065B955 /* FileLoggerTests.swift in Sources */ = {isa = PBXBuildFile; fileRef = C7ED7213252DC1590065B955 /* FileLoggerTests.swift */; };
		C7ED721D252DC1590065B955 /* SystemLoggerTests.swift in Sources */ = {isa = PBXBuildFile; fileRef = C7ED7214252DC1590065B955 /* SystemLoggerTests.swift */; };
		C7ED721E252DC1590065B955 /* PuppyTests.swift in Sources */ = {isa = PBXBuildFile; fileRef = C7ED7215252DC1590065B955 /* PuppyTests.swift */; };
		C7ED721F252DC1590065B955 /* FileRotationLoggerTests.swift in Sources */ = {isa = PBXBuildFile; fileRef = C7ED7216252DC1590065B955 /* FileRotationLoggerTests.swift */; };
/* End PBXBuildFile section */

/* Begin PBXContainerItemProxy section */
		C74F94B326777D38003A88BE /* PBXContainerItemProxy */ = {
			isa = PBXContainerItemProxy;
			containerPortal = C7ED7195252DBEC70065B955 /* Project object */;
			proxyType = 1;
			remoteGlobalIDString = C74F94A826777D38003A88BE;
			remoteInfo = CPuppy;
		};
		C74F94CA26778428003A88BE /* PBXContainerItemProxy */ = {
			isa = PBXContainerItemProxy;
			containerPortal = C7ED7195252DBEC70065B955 /* Project object */;
			proxyType = 1;
			remoteGlobalIDString = C74F94A826777D38003A88BE;
			remoteInfo = CPuppy;
		};
		C7ED71A9252DBEC70065B955 /* PBXContainerItemProxy */ = {
			isa = PBXContainerItemProxy;
			containerPortal = C7ED7195252DBEC70065B955 /* Project object */;
			proxyType = 1;
			remoteGlobalIDString = C7ED719D252DBEC70065B955;
			remoteInfo = Puppy;
		};
/* End PBXContainerItemProxy section */

/* Begin PBXFileReference section */
		142E82492C110C2D006A2FAB /* Compression.swift */ = {isa = PBXFileReference; lastKnownFileType = sourcecode.swift; path = Compression.swift; sourceTree = "<group>"; };
		C712BB09266F31A60016A768 /* CPuppy.h */ = {isa = PBXFileReference; lastKnownFileType = sourcecode.c.h; path = CPuppy.h; sourceTree = "<group>"; };
		C712BB0A266F31B10016A768 /* module.modulemap */ = {isa = PBXFileReference; lastKnownFileType = "sourcecode.module-map"; path = module.modulemap; sourceTree = "<group>"; };
		C712BB0B266F31C80016A768 /* CPuppy.c */ = {isa = PBXFileReference; lastKnownFileType = sourcecode.c.c; path = CPuppy.c; sourceTree = "<group>"; };
		C71A59F127CA57CD00A577EC /* FileManager+Windows.swift */ = {isa = PBXFileReference; lastKnownFileType = sourcecode.swift; path = "FileManager+Windows.swift"; sourceTree = "<group>"; };
		C71A59F327CA580100A577EC /* FileManager+WindowsTests.swift */ = {isa = PBXFileReference; lastKnownFileType = sourcecode.swift; path = "FileManager+WindowsTests.swift"; sourceTree = "<group>"; };
		C74F94A926777D38003A88BE /* CPuppy.framework */ = {isa = PBXFileReference; explicitFileType = wrapper.framework; includeInIndex = 0; path = CPuppy.framework; sourceTree = BUILT_PRODUCTS_DIR; };
		C74F94B126777D38003A88BE /* CPuppyTests.xctest */ = {isa = PBXFileReference; explicitFileType = wrapper.cfbundle; includeInIndex = 0; path = CPuppyTests.xctest; sourceTree = BUILT_PRODUCTS_DIR; };
		C74F94C126777DF7003A88BE /* CPuppyTests.m */ = {isa = PBXFileReference; lastKnownFileType = sourcecode.c.objc; path = CPuppyTests.m; sourceTree = "<group>"; };
		C74F94C426777E64003A88BE /* CPuppy.modulemap */ = {isa = PBXFileReference; lastKnownFileType = "sourcecode.module-map"; path = CPuppy.modulemap; sourceTree = "<group>"; };
		C74F94C526777ECC003A88BE /* StaticFramework.xcconfig */ = {isa = PBXFileReference; lastKnownFileType = text.xcconfig; path = StaticFramework.xcconfig; sourceTree = "<group>"; };
		C74F94C626777EE9003A88BE /* StaticFrameworkTests.xcconfig */ = {isa = PBXFileReference; lastKnownFileType = text.xcconfig; path = StaticFrameworkTests.xcconfig; sourceTree = "<group>"; };
		C7695BB32533303900E0CA22 /* MockLogger.swift */ = {isa = PBXFileReference; lastKnownFileType = sourcecode.swift; path = MockLogger.swift; sourceTree = "<group>"; };
		C78B9212252DCA3E0026B9B1 /* Package.swift */ = {isa = PBXFileReference; lastKnownFileType = sourcecode.swift; path = Package.swift; sourceTree = "<group>"; };
		C7CF79DA28F6DA0900CF55C3 /* Loggerable.swift */ = {isa = PBXFileReference; lastKnownFileType = sourcecode.swift; path = Loggerable.swift; sourceTree = "<group>"; };
		C7CF79DC28F6DB1B00CF55C3 /* FileLoggerable.swift */ = {isa = PBXFileReference; lastKnownFileType = sourcecode.swift; path = FileLoggerable.swift; sourceTree = "<group>"; };
		C7CF79DE28F6DE8600CF55C3 /* Compatibility.swift */ = {isa = PBXFileReference; lastKnownFileType = sourcecode.swift; path = Compatibility.swift; sourceTree = "<group>"; };
		C7CF79E028F6E24300CF55C3 /* LoggerableTests.swift */ = {isa = PBXFileReference; lastKnownFileType = sourcecode.swift; path = LoggerableTests.swift; sourceTree = "<group>"; };
		C7ED719E252DBEC70065B955 /* Puppy.framework */ = {isa = PBXFileReference; explicitFileType = wrapper.framework; includeInIndex = 0; path = Puppy.framework; sourceTree = BUILT_PRODUCTS_DIR; };
		C7ED71A2252DBEC70065B955 /* Info.plist */ = {isa = PBXFileReference; lastKnownFileType = text.plist.xml; path = Info.plist; sourceTree = "<group>"; };
		C7ED71A7252DBEC70065B955 /* PuppyTests.xctest */ = {isa = PBXFileReference; explicitFileType = wrapper.cfbundle; includeInIndex = 0; path = PuppyTests.xctest; sourceTree = BUILT_PRODUCTS_DIR; };
		C7ED71AE252DBEC70065B955 /* Info.plist */ = {isa = PBXFileReference; lastKnownFileType = text.plist.xml; path = Info.plist; sourceTree = "<group>"; };
		C7ED71F0252DC0C50065B955 /* FileRotationLogger.swift */ = {isa = PBXFileReference; fileEncoding = 4; lastKnownFileType = sourcecode.swift; path = FileRotationLogger.swift; sourceTree = "<group>"; };
		C7ED71F1252DC0C50065B955 /* SystemLogger.swift */ = {isa = PBXFileReference; fileEncoding = 4; lastKnownFileType = sourcecode.swift; path = SystemLogger.swift; sourceTree = "<group>"; };
		C7ED71F2252DC0C50065B955 /* LogFormatter.swift */ = {isa = PBXFileReference; fileEncoding = 4; lastKnownFileType = sourcecode.swift; path = LogFormatter.swift; sourceTree = "<group>"; };
		C7ED71F4252DC0C50065B955 /* PuppyLogHandler.swift */ = {isa = PBXFileReference; fileEncoding = 4; lastKnownFileType = sourcecode.swift; path = PuppyLogHandler.swift; sourceTree = "<group>"; };
		C7ED71F5252DC0C50065B955 /* LogColor.swift */ = {isa = PBXFileReference; fileEncoding = 4; lastKnownFileType = sourcecode.swift; path = LogColor.swift; sourceTree = "<group>"; };
		C7ED71F6252DC0C50065B955 /* Puppy.swift */ = {isa = PBXFileReference; fileEncoding = 4; lastKnownFileType = sourcecode.swift; path = Puppy.swift; sourceTree = "<group>"; };
		C7ED71F7252DC0C50065B955 /* FileError.swift */ = {isa = PBXFileReference; fileEncoding = 4; lastKnownFileType = sourcecode.swift; path = FileError.swift; sourceTree = "<group>"; };
		C7ED71F8252DC0C50065B955 /* ConsoleLogger.swift */ = {isa = PBXFileReference; fileEncoding = 4; lastKnownFileType = sourcecode.swift; path = ConsoleLogger.swift; sourceTree = "<group>"; };
		C7ED71F9252DC0C50065B955 /* FileLogger.swift */ = {isa = PBXFileReference; fileEncoding = 4; lastKnownFileType = sourcecode.swift; path = FileLogger.swift; sourceTree = "<group>"; };
		C7ED71FA252DC0C50065B955 /* OSLogger.swift */ = {isa = PBXFileReference; fileEncoding = 4; lastKnownFileType = sourcecode.swift; path = OSLogger.swift; sourceTree = "<group>"; };
		C7ED71FB252DC0C50065B955 /* LogLevel.swift */ = {isa = PBXFileReference; fileEncoding = 4; lastKnownFileType = sourcecode.swift; path = LogLevel.swift; sourceTree = "<group>"; };
		C7ED7210252DC1590065B955 /* PuppyLogHandlerTests.swift */ = {isa = PBXFileReference; fileEncoding = 4; lastKnownFileType = sourcecode.swift; path = PuppyLogHandlerTests.swift; sourceTree = "<group>"; };
		C7ED7211252DC1590065B955 /* LogFormatterTests.swift */ = {isa = PBXFileReference; fileEncoding = 4; lastKnownFileType = sourcecode.swift; path = LogFormatterTests.swift; sourceTree = "<group>"; };
		C7ED7212252DC1590065B955 /* OSLoggerTests.swift */ = {isa = PBXFileReference; fileEncoding = 4; lastKnownFileType = sourcecode.swift; path = OSLoggerTests.swift; sourceTree = "<group>"; };
		C7ED7213252DC1590065B955 /* FileLoggerTests.swift */ = {isa = PBXFileReference; fileEncoding = 4; lastKnownFileType = sourcecode.swift; path = FileLoggerTests.swift; sourceTree = "<group>"; };
		C7ED7214252DC1590065B955 /* SystemLoggerTests.swift */ = {isa = PBXFileReference; fileEncoding = 4; lastKnownFileType = sourcecode.swift; path = SystemLoggerTests.swift; sourceTree = "<group>"; };
		C7ED7215252DC1590065B955 /* PuppyTests.swift */ = {isa = PBXFileReference; fileEncoding = 4; lastKnownFileType = sourcecode.swift; path = PuppyTests.swift; sourceTree = "<group>"; };
		C7ED7216252DC1590065B955 /* FileRotationLoggerTests.swift */ = {isa = PBXFileReference; fileEncoding = 4; lastKnownFileType = sourcecode.swift; path = FileRotationLoggerTests.swift; sourceTree = "<group>"; };
		C7ED7230252DC2F60065B955 /* FrameworkTests.xcconfig */ = {isa = PBXFileReference; lastKnownFileType = text.xcconfig; path = FrameworkTests.xcconfig; sourceTree = "<group>"; };
		C7ED7231252DC2F60065B955 /* Common.xcconfig */ = {isa = PBXFileReference; lastKnownFileType = text.xcconfig; path = Common.xcconfig; sourceTree = "<group>"; };
		C7ED7232252DC2F60065B955 /* Framework.xcconfig */ = {isa = PBXFileReference; lastKnownFileType = text.xcconfig; path = Framework.xcconfig; sourceTree = "<group>"; };
/* End PBXFileReference section */

/* Begin PBXFrameworksBuildPhase section */
		C74F94A626777D38003A88BE /* Frameworks */ = {
			isa = PBXFrameworksBuildPhase;
			buildActionMask = 2147483647;
			files = (
			);
			runOnlyForDeploymentPostprocessing = 0;
		};
		C74F94AE26777D38003A88BE /* Frameworks */ = {
			isa = PBXFrameworksBuildPhase;
			buildActionMask = 2147483647;
			files = (
				C74F94B226777D38003A88BE /* CPuppy.framework in Frameworks */,
			);
			runOnlyForDeploymentPostprocessing = 0;
		};
		C7ED719B252DBEC70065B955 /* Frameworks */ = {
			isa = PBXFrameworksBuildPhase;
			buildActionMask = 2147483647;
			files = (
				C77B4C0729B62CE000F94C0E /* Logging in Frameworks */,
				C74F94C826778428003A88BE /* CPuppy.framework in Frameworks */,
			);
			runOnlyForDeploymentPostprocessing = 0;
		};
		C7ED71A4252DBEC70065B955 /* Frameworks */ = {
			isa = PBXFrameworksBuildPhase;
			buildActionMask = 2147483647;
			files = (
				C7ED71A8252DBEC70065B955 /* Puppy.framework in Frameworks */,
			);
			runOnlyForDeploymentPostprocessing = 0;
		};
/* End PBXFrameworksBuildPhase section */

/* Begin PBXGroup section */
		C712BB06266F30A60016A768 /* CPuppy */ = {
			isa = PBXGroup;
			children = (
				C74F94C426777E64003A88BE /* CPuppy.modulemap */,
				C712BB07266F30B00016A768 /* include */,
				C712BB08266F30B50016A768 /* src */,
			);
			path = CPuppy;
			sourceTree = "<group>";
		};
		C712BB07266F30B00016A768 /* include */ = {
			isa = PBXGroup;
			children = (
				C712BB09266F31A60016A768 /* CPuppy.h */,
				C712BB0A266F31B10016A768 /* module.modulemap */,
			);
			path = include;
			sourceTree = "<group>";
		};
		C712BB08266F30B50016A768 /* src */ = {
			isa = PBXGroup;
			children = (
				C712BB0B266F31C80016A768 /* CPuppy.c */,
			);
			path = src;
			sourceTree = "<group>";
		};
		C74F94C026777D8A003A88BE /* CPuppyTests */ = {
			isa = PBXGroup;
			children = (
				C74F94C126777DF7003A88BE /* CPuppyTests.m */,
			);
			path = CPuppyTests;
			sourceTree = "<group>";
		};
		C74F94C726778428003A88BE /* Frameworks */ = {
			isa = PBXGroup;
			children = (
			);
			name = Frameworks;
			sourceTree = "<group>";
		};
		C7ED7194252DBEC70065B955 = {
			isa = PBXGroup;
			children = (
				C78B9212252DCA3E0026B9B1 /* Package.swift */,
				C7ED722F252DC2F60065B955 /* Configurations */,
				C7ED719F252DBEC70065B955 /* Products */,
				C7ED71C0252DC0530065B955 /* Sources */,
				C7ED720E252DC1590065B955 /* Tests */,
				C74F94C726778428003A88BE /* Frameworks */,
			);
			sourceTree = "<group>";
		};
		C7ED719F252DBEC70065B955 /* Products */ = {
			isa = PBXGroup;
			children = (
				C7ED719E252DBEC70065B955 /* Puppy.framework */,
				C7ED71A7252DBEC70065B955 /* PuppyTests.xctest */,
				C74F94A926777D38003A88BE /* CPuppy.framework */,
				C74F94B126777D38003A88BE /* CPuppyTests.xctest */,
			);
			name = Products;
			sourceTree = "<group>";
		};
		C7ED71C0252DC0530065B955 /* Sources */ = {
			isa = PBXGroup;
			children = (
				C712BB06266F30A60016A768 /* CPuppy */,
				C7ED71C5252DC0530065B955 /* Puppy */,
				C7ED71D2252DC0530065B955 /* SupportingFiles */,
			);
			path = Sources;
			sourceTree = "<group>";
		};
		C7ED71C5252DC0530065B955 /* Puppy */ = {
			isa = PBXGroup;
			children = (
				C7CF79DE28F6DE8600CF55C3 /* Compatibility.swift */,
				C7ED71F8252DC0C50065B955 /* ConsoleLogger.swift */,
				C7ED71F7252DC0C50065B955 /* FileError.swift */,
				C7ED71F9252DC0C50065B955 /* FileLogger.swift */,
				C7CF79DC28F6DB1B00CF55C3 /* FileLoggerable.swift */,
				C71A59F127CA57CD00A577EC /* FileManager+Windows.swift */,
				C7ED71F0252DC0C50065B955 /* FileRotationLogger.swift */,
				C7ED71F5252DC0C50065B955 /* LogColor.swift */,
				C7ED71F2252DC0C50065B955 /* LogFormatter.swift */,
				C7CF79DA28F6DA0900CF55C3 /* Loggerable.swift */,
				C7ED71FB252DC0C50065B955 /* LogLevel.swift */,
				C7ED71FA252DC0C50065B955 /* OSLogger.swift */,
				C7ED71F6252DC0C50065B955 /* Puppy.swift */,
				C7ED71F4252DC0C50065B955 /* PuppyLogHandler.swift */,
				C7ED71F1252DC0C50065B955 /* SystemLogger.swift */,
				142E82492C110C2D006A2FAB /* Compression.swift */,
			);
			path = Puppy;
			sourceTree = "<group>";
		};
		C7ED71D2252DC0530065B955 /* SupportingFiles */ = {
			isa = PBXGroup;
			children = (
				C7ED71A2252DBEC70065B955 /* Info.plist */,
			);
			path = SupportingFiles;
			sourceTree = "<group>";
		};
		C7ED720E252DC1590065B955 /* Tests */ = {
			isa = PBXGroup;
			children = (
				C74F94C026777D8A003A88BE /* CPuppyTests */,
				C7ED720F252DC1590065B955 /* PuppyTests */,
				C7ED7217252DC1590065B955 /* SupportingFiles */,
			);
			path = Tests;
			sourceTree = "<group>";
		};
		C7ED720F252DC1590065B955 /* PuppyTests */ = {
			isa = PBXGroup;
			children = (
				C7ED7213252DC1590065B955 /* FileLoggerTests.swift */,
				C71A59F327CA580100A577EC /* FileManager+WindowsTests.swift */,
				C7ED7216252DC1590065B955 /* FileRotationLoggerTests.swift */,
				C7ED7211252DC1590065B955 /* LogFormatterTests.swift */,
				C7CF79E028F6E24300CF55C3 /* LoggerableTests.swift */,
				C7695BB32533303900E0CA22 /* MockLogger.swift */,
				C7ED7212252DC1590065B955 /* OSLoggerTests.swift */,
				C7ED7210252DC1590065B955 /* PuppyLogHandlerTests.swift */,
				C7ED7215252DC1590065B955 /* PuppyTests.swift */,
				C7ED7214252DC1590065B955 /* SystemLoggerTests.swift */,
			);
			path = PuppyTests;
			sourceTree = "<group>";
		};
		C7ED7217252DC1590065B955 /* SupportingFiles */ = {
			isa = PBXGroup;
			children = (
				C7ED71AE252DBEC70065B955 /* Info.plist */,
			);
			path = SupportingFiles;
			sourceTree = "<group>";
		};
		C7ED722F252DC2F60065B955 /* Configurations */ = {
			isa = PBXGroup;
			children = (
				C7ED7231252DC2F60065B955 /* Common.xcconfig */,
				C7ED7232252DC2F60065B955 /* Framework.xcconfig */,
				C7ED7230252DC2F60065B955 /* FrameworkTests.xcconfig */,
				C74F94C526777ECC003A88BE /* StaticFramework.xcconfig */,
				C74F94C626777EE9003A88BE /* StaticFrameworkTests.xcconfig */,
			);
			path = Configurations;
			sourceTree = "<group>";
		};
/* End PBXGroup section */

/* Begin PBXHeadersBuildPhase section */
		C74F94A426777D38003A88BE /* Headers */ = {
			isa = PBXHeadersBuildPhase;
			buildActionMask = 2147483647;
			files = (
				C74F94C326777E1D003A88BE /* CPuppy.h in Headers */,
			);
			runOnlyForDeploymentPostprocessing = 0;
		};
		C7ED7199252DBEC70065B955 /* Headers */ = {
			isa = PBXHeadersBuildPhase;
			buildActionMask = 2147483647;
			files = (
			);
			runOnlyForDeploymentPostprocessing = 0;
		};
/* End PBXHeadersBuildPhase section */

/* Begin PBXNativeTarget section */
		C74F94A826777D38003A88BE /* CPuppy */ = {
			isa = PBXNativeTarget;
			buildConfigurationList = C74F94BE26777D38003A88BE /* Build configuration list for PBXNativeTarget "CPuppy" */;
			buildPhases = (
				C74F94A426777D38003A88BE /* Headers */,
				C74F94A526777D38003A88BE /* Sources */,
				C74F94A626777D38003A88BE /* Frameworks */,
				C74F94A726777D38003A88BE /* Resources */,
			);
			buildRules = (
			);
			dependencies = (
			);
			name = CPuppy;
			productName = CPuppy;
			productReference = C74F94A926777D38003A88BE /* CPuppy.framework */;
			productType = "com.apple.product-type.framework";
		};
		C74F94B026777D38003A88BE /* CPuppyTests */ = {
			isa = PBXNativeTarget;
			buildConfigurationList = C74F94BF26777D38003A88BE /* Build configuration list for PBXNativeTarget "CPuppyTests" */;
			buildPhases = (
				C74F94AD26777D38003A88BE /* Sources */,
				C74F94AE26777D38003A88BE /* Frameworks */,
				C74F94AF26777D38003A88BE /* Resources */,
			);
			buildRules = (
			);
			dependencies = (
				C74F94B426777D38003A88BE /* PBXTargetDependency */,
			);
			name = CPuppyTests;
			productName = CPuppyTests;
			productReference = C74F94B126777D38003A88BE /* CPuppyTests.xctest */;
			productType = "com.apple.product-type.bundle.unit-test";
		};
		C7ED719D252DBEC70065B955 /* Puppy */ = {
			isa = PBXNativeTarget;
			buildConfigurationList = C7ED71B2252DBEC70065B955 /* Build configuration list for PBXNativeTarget "Puppy" */;
			buildPhases = (
				C7ED7199252DBEC70065B955 /* Headers */,
				C7ED719A252DBEC70065B955 /* Sources */,
				C7ED719B252DBEC70065B955 /* Frameworks */,
				C7ED719C252DBEC70065B955 /* Resources */,
			);
			buildRules = (
			);
			dependencies = (
				C74F94CB26778428003A88BE /* PBXTargetDependency */,
			);
			name = Puppy;
			packageProductDependencies = (
				C77B4C0629B62CE000F94C0E /* Logging */,
			);
			productName = Puppy;
			productReference = C7ED719E252DBEC70065B955 /* Puppy.framework */;
			productType = "com.apple.product-type.framework";
		};
		C7ED71A6252DBEC70065B955 /* PuppyTests */ = {
			isa = PBXNativeTarget;
			buildConfigurationList = C7ED71B5252DBEC70065B955 /* Build configuration list for PBXNativeTarget "PuppyTests" */;
			buildPhases = (
				C7ED71A3252DBEC70065B955 /* Sources */,
				C7ED71A4252DBEC70065B955 /* Frameworks */,
				C7ED71A5252DBEC70065B955 /* Resources */,
			);
			buildRules = (
			);
			dependencies = (
				C7ED71AA252DBEC70065B955 /* PBXTargetDependency */,
			);
			name = PuppyTests;
			productName = PuppyTests;
			productReference = C7ED71A7252DBEC70065B955 /* PuppyTests.xctest */;
			productType = "com.apple.product-type.bundle.unit-test";
		};
/* End PBXNativeTarget section */

/* Begin PBXProject section */
		C7ED7195252DBEC70065B955 /* Project object */ = {
			isa = PBXProject;
			attributes = {
				LastSwiftUpdateCheck = 1250;
				LastUpgradeCheck = 1400;
				TargetAttributes = {
					C74F94A826777D38003A88BE = {
						CreatedOnToolsVersion = 12.5;
					};
					C74F94B026777D38003A88BE = {
						CreatedOnToolsVersion = 12.5;
					};
					C78B9219252DCFBD0026B9B1 = {
						CreatedOnToolsVersion = 12.0.1;
					};
					C7ED719D252DBEC70065B955 = {
						CreatedOnToolsVersion = 12.0.1;
						LastSwiftMigration = 1200;
					};
					C7ED71A6252DBEC70065B955 = {
						CreatedOnToolsVersion = 12.0.1;
					};
				};
			};
			buildConfigurationList = C7ED7198252DBEC70065B955 /* Build configuration list for PBXProject "Puppy" */;
			compatibilityVersion = "Xcode 9.3";
			developmentRegion = en;
			hasScannedForEncodings = 0;
			knownRegions = (
				en,
				Base,
			);
			mainGroup = C7ED7194252DBEC70065B955;
			packageReferences = (
				C77B4C0529B62CE000F94C0E /* XCRemoteSwiftPackageReference "swift-log" */,
			);
			productRefGroup = C7ED719F252DBEC70065B955 /* Products */;
			projectDirPath = "";
			projectRoot = "";
			targets = (
				C74F94A826777D38003A88BE /* CPuppy */,
				C74F94B026777D38003A88BE /* CPuppyTests */,
				C7ED719D252DBEC70065B955 /* Puppy */,
				C7ED71A6252DBEC70065B955 /* PuppyTests */,
				C78B9219252DCFBD0026B9B1 /* SwiftLint */,
			);
		};
/* End PBXProject section */

/* Begin PBXResourcesBuildPhase section */
		C74F94A726777D38003A88BE /* Resources */ = {
			isa = PBXResourcesBuildPhase;
			buildActionMask = 2147483647;
			files = (
			);
			runOnlyForDeploymentPostprocessing = 0;
		};
		C74F94AF26777D38003A88BE /* Resources */ = {
			isa = PBXResourcesBuildPhase;
			buildActionMask = 2147483647;
			files = (
			);
			runOnlyForDeploymentPostprocessing = 0;
		};
		C7ED719C252DBEC70065B955 /* Resources */ = {
			isa = PBXResourcesBuildPhase;
			buildActionMask = 2147483647;
			files = (
			);
			runOnlyForDeploymentPostprocessing = 0;
		};
		C7ED71A5252DBEC70065B955 /* Resources */ = {
			isa = PBXResourcesBuildPhase;
			buildActionMask = 2147483647;
			files = (
			);
			runOnlyForDeploymentPostprocessing = 0;
		};
/* End PBXResourcesBuildPhase section */

/* Begin PBXShellScriptBuildPhase section */
		C78B9220252DCFEC0026B9B1 /* SwiftLint */ = {
			isa = PBXShellScriptBuildPhase;
			alwaysOutOfDate = 1;
			buildActionMask = 2147483647;
			files = (
			);
			inputFileListPaths = (
			);
			inputPaths = (
			);
			name = SwiftLint;
			outputFileListPaths = (
			);
			outputPaths = (
			);
			runOnlyForDeploymentPostprocessing = 0;
			shellPath = /bin/sh;
			shellScript = "if which swiftlint >/dev/null; then\n    swiftlint autocorrect --format\n    swiftlint\nelse\necho\n    \"SwiftLint not installed, download from https://github.com/realm/SwiftLint\"\nfi\n";
		};
/* End PBXShellScriptBuildPhase section */

/* Begin PBXSourcesBuildPhase section */
		C74F94A526777D38003A88BE /* Sources */ = {
			isa = PBXSourcesBuildPhase;
			buildActionMask = 2147483647;
			files = (
				C789CB8E27A81146001C7589 /* CPuppy.c in Sources */,
			);
			runOnlyForDeploymentPostprocessing = 0;
		};
		C74F94AD26777D38003A88BE /* Sources */ = {
			isa = PBXSourcesBuildPhase;
			buildActionMask = 2147483647;
			files = (
				C74F94C226777DF7003A88BE /* CPuppyTests.m in Sources */,
			);
			runOnlyForDeploymentPostprocessing = 0;
		};
		C7ED719A252DBEC70065B955 /* Sources */ = {
			isa = PBXSourcesBuildPhase;
			buildActionMask = 2147483647;
			files = (
				C7ED71FE252DC0C50065B955 /* LogFormatter.swift in Sources */,
				C71A59F227CA57CD00A577EC /* FileManager+Windows.swift in Sources */,
				C7ED71FD252DC0C50065B955 /* SystemLogger.swift in Sources */,
				C7ED7201252DC0C50065B955 /* LogColor.swift in Sources */,
				C7ED7205252DC0C50065B955 /* FileLogger.swift in Sources */,
				C7CF79DD28F6DB1B00CF55C3 /* FileLoggerable.swift in Sources */,
				C7ED7203252DC0C50065B955 /* FileError.swift in Sources */,
				C7ED71FC252DC0C50065B955 /* FileRotationLogger.swift in Sources */,
				C7ED7207252DC0C50065B955 /* LogLevel.swift in Sources */,
				C7CF79DB28F6DA0900CF55C3 /* Loggerable.swift in Sources */,
				C7ED7204252DC0C50065B955 /* ConsoleLogger.swift in Sources */,
				C7ED7202252DC0C50065B955 /* Puppy.swift in Sources */,
				C7ED7200252DC0C50065B955 /* PuppyLogHandler.swift in Sources */,
				C7ED7206252DC0C50065B955 /* OSLogger.swift in Sources */,
				142E824A2C110C2D006A2FAB /* Compression.swift in Sources */,
				C7CF79DF28F6DE8600CF55C3 /* Compatibility.swift in Sources */,
			);
			runOnlyForDeploymentPostprocessing = 0;
		};
		C7ED71A3252DBEC70065B955 /* Sources */ = {
			isa = PBXSourcesBuildPhase;
			buildActionMask = 2147483647;
			files = (
				C7ED721A252DC1590065B955 /* LogFormatterTests.swift in Sources */,
				C71A59F427CA580100A577EC /* FileManager+WindowsTests.swift in Sources */,
				C7ED721C252DC1590065B955 /* FileLoggerTests.swift in Sources */,
				C7ED721D252DC1590065B955 /* SystemLoggerTests.swift in Sources */,
				C7ED721F252DC1590065B955 /* FileRotationLoggerTests.swift in Sources */,
				C7CF79E128F6E24300CF55C3 /* LoggerableTests.swift in Sources */,
				C7ED7219252DC1590065B955 /* PuppyLogHandlerTests.swift in Sources */,
				C7695BB42533303900E0CA22 /* MockLogger.swift in Sources */,
				C7ED721B252DC1590065B955 /* OSLoggerTests.swift in Sources */,
				C7ED721E252DC1590065B955 /* PuppyTests.swift in Sources */,
			);
			runOnlyForDeploymentPostprocessing = 0;
		};
/* End PBXSourcesBuildPhase section */

/* Begin PBXTargetDependency section */
		C74F94B426777D38003A88BE /* PBXTargetDependency */ = {
			isa = PBXTargetDependency;
			target = C74F94A826777D38003A88BE /* CPuppy */;
			targetProxy = C74F94B326777D38003A88BE /* PBXContainerItemProxy */;
		};
		C74F94CB26778428003A88BE /* PBXTargetDependency */ = {
			isa = PBXTargetDependency;
			target = C74F94A826777D38003A88BE /* CPuppy */;
			targetProxy = C74F94CA26778428003A88BE /* PBXContainerItemProxy */;
		};
		C7ED71AA252DBEC70065B955 /* PBXTargetDependency */ = {
			isa = PBXTargetDependency;
			target = C7ED719D252DBEC70065B955 /* Puppy */;
			targetProxy = C7ED71A9252DBEC70065B955 /* PBXContainerItemProxy */;
		};
/* End PBXTargetDependency section */

/* Begin XCBuildConfiguration section */
		C74F94BA26777D38003A88BE /* Debug */ = {
			isa = XCBuildConfiguration;
			baseConfigurationReference = C74F94C526777ECC003A88BE /* StaticFramework.xcconfig */;
			buildSettings = {
				CODE_SIGN_STYLE = Automatic;
				COMBINE_HIDPI_IMAGES = YES;
				DEFINES_MODULE = YES;
				DYLIB_COMPATIBILITY_VERSION = 1;
				DYLIB_INSTALL_NAME_BASE = "@rpath";
				INSTALL_PATH = "$(LOCAL_LIBRARY_DIR)/Frameworks";
				LD_RUNPATH_SEARCH_PATHS = (
					"$(inherited)",
					"@executable_path/../Frameworks",
					"@loader_path/Frameworks",
				);
				SKIP_INSTALL = YES;
			};
			name = Debug;
		};
		C74F94BB26777D38003A88BE /* Release */ = {
			isa = XCBuildConfiguration;
			baseConfigurationReference = C74F94C526777ECC003A88BE /* StaticFramework.xcconfig */;
			buildSettings = {
				CODE_SIGN_STYLE = Automatic;
				COMBINE_HIDPI_IMAGES = YES;
				DEFINES_MODULE = YES;
				DYLIB_COMPATIBILITY_VERSION = 1;
				DYLIB_INSTALL_NAME_BASE = "@rpath";
				INSTALL_PATH = "$(LOCAL_LIBRARY_DIR)/Frameworks";
				LD_RUNPATH_SEARCH_PATHS = (
					"$(inherited)",
					"@executable_path/../Frameworks",
					"@loader_path/Frameworks",
				);
				SKIP_INSTALL = YES;
			};
			name = Release;
		};
		C74F94BC26777D38003A88BE /* Debug */ = {
			isa = XCBuildConfiguration;
			baseConfigurationReference = C74F94C626777EE9003A88BE /* StaticFrameworkTests.xcconfig */;
			buildSettings = {
				CODE_SIGN_STYLE = Automatic;
				COMBINE_HIDPI_IMAGES = YES;
				LD_RUNPATH_SEARCH_PATHS = (
					"$(inherited)",
					"@executable_path/../Frameworks",
					"@loader_path/../Frameworks",
				);
			};
			name = Debug;
		};
		C74F94BD26777D38003A88BE /* Release */ = {
			isa = XCBuildConfiguration;
			baseConfigurationReference = C74F94C626777EE9003A88BE /* StaticFrameworkTests.xcconfig */;
			buildSettings = {
				CODE_SIGN_STYLE = Automatic;
				COMBINE_HIDPI_IMAGES = YES;
				LD_RUNPATH_SEARCH_PATHS = (
					"$(inherited)",
					"@executable_path/../Frameworks",
					"@loader_path/../Frameworks",
				);
			};
			name = Release;
		};
		C78B921A252DCFBD0026B9B1 /* Debug */ = {
			isa = XCBuildConfiguration;
			buildSettings = {
				CODE_SIGN_STYLE = Automatic;
				PRODUCT_NAME = "$(TARGET_NAME)";
			};
			name = Debug;
		};
		C78B921B252DCFBD0026B9B1 /* Release */ = {
			isa = XCBuildConfiguration;
			buildSettings = {
				CODE_SIGN_STYLE = Automatic;
				PRODUCT_NAME = "$(TARGET_NAME)";
			};
			name = Release;
		};
		C7ED71B0252DBEC70065B955 /* Debug */ = {
			isa = XCBuildConfiguration;
			buildSettings = {
				ALWAYS_SEARCH_USER_PATHS = NO;
				CLANG_ANALYZER_NONNULL = YES;
				CLANG_ANALYZER_NUMBER_OBJECT_CONVERSION = YES_AGGRESSIVE;
				CLANG_CXX_LANGUAGE_STANDARD = "gnu++14";
				CLANG_CXX_LIBRARY = "libc++";
				CLANG_ENABLE_MODULES = YES;
				CLANG_ENABLE_OBJC_ARC = YES;
				CLANG_ENABLE_OBJC_WEAK = YES;
				CLANG_WARN_BLOCK_CAPTURE_AUTORELEASING = YES;
				CLANG_WARN_BOOL_CONVERSION = YES;
				CLANG_WARN_COMMA = YES;
				CLANG_WARN_CONSTANT_CONVERSION = YES;
				CLANG_WARN_DEPRECATED_OBJC_IMPLEMENTATIONS = YES;
				CLANG_WARN_DIRECT_OBJC_ISA_USAGE = YES_ERROR;
				CLANG_WARN_DOCUMENTATION_COMMENTS = YES;
				CLANG_WARN_EMPTY_BODY = YES;
				CLANG_WARN_ENUM_CONVERSION = YES;
				CLANG_WARN_INFINITE_RECURSION = YES;
				CLANG_WARN_INT_CONVERSION = YES;
				CLANG_WARN_NON_LITERAL_NULL_CONVERSION = YES;
				CLANG_WARN_OBJC_IMPLICIT_RETAIN_SELF = YES;
				CLANG_WARN_OBJC_LITERAL_CONVERSION = YES;
				CLANG_WARN_OBJC_ROOT_CLASS = YES_ERROR;
				CLANG_WARN_QUOTED_INCLUDE_IN_FRAMEWORK_HEADER = YES;
				CLANG_WARN_RANGE_LOOP_ANALYSIS = YES;
				CLANG_WARN_STRICT_PROTOTYPES = YES;
				CLANG_WARN_SUSPICIOUS_MOVE = YES;
				CLANG_WARN_UNGUARDED_AVAILABILITY = YES_AGGRESSIVE;
				CLANG_WARN_UNREACHABLE_CODE = YES;
				CLANG_WARN__DUPLICATE_METHOD_MATCH = YES;
				COPY_PHASE_STRIP = NO;
				DEAD_CODE_STRIPPING = YES;
				DEBUG_INFORMATION_FORMAT = dwarf;
				ENABLE_STRICT_OBJC_MSGSEND = YES;
				ENABLE_TESTABILITY = YES;
				GCC_C_LANGUAGE_STANDARD = gnu11;
				GCC_DYNAMIC_NO_PIC = NO;
				GCC_NO_COMMON_BLOCKS = YES;
				GCC_OPTIMIZATION_LEVEL = 0;
				GCC_PREPROCESSOR_DEFINITIONS = (
					"DEBUG=1",
					"$(inherited)",
				);
				GCC_WARN_64_TO_32_BIT_CONVERSION = YES;
				GCC_WARN_ABOUT_RETURN_TYPE = YES_ERROR;
				GCC_WARN_UNDECLARED_SELECTOR = YES;
				GCC_WARN_UNINITIALIZED_AUTOS = YES_AGGRESSIVE;
				GCC_WARN_UNUSED_FUNCTION = YES;
				GCC_WARN_UNUSED_VARIABLE = YES;
				MTL_ENABLE_DEBUG_INFO = INCLUDE_SOURCE;
				MTL_FAST_MATH = YES;
				ONLY_ACTIVE_ARCH = YES;
				SDKROOT = macosx;
				SWIFT_ACTIVE_COMPILATION_CONDITIONS = DEBUG;
				SWIFT_OPTIMIZATION_LEVEL = "-Onone";
				VERSIONING_SYSTEM = "apple-generic";
				VERSION_INFO_PREFIX = "";
			};
			name = Debug;
		};
		C7ED71B1252DBEC70065B955 /* Release */ = {
			isa = XCBuildConfiguration;
			buildSettings = {
				ALWAYS_SEARCH_USER_PATHS = NO;
				CLANG_ANALYZER_NONNULL = YES;
				CLANG_ANALYZER_NUMBER_OBJECT_CONVERSION = YES_AGGRESSIVE;
				CLANG_CXX_LANGUAGE_STANDARD = "gnu++14";
				CLANG_CXX_LIBRARY = "libc++";
				CLANG_ENABLE_MODULES = YES;
				CLANG_ENABLE_OBJC_ARC = YES;
				CLANG_ENABLE_OBJC_WEAK = YES;
				CLANG_WARN_BLOCK_CAPTURE_AUTORELEASING = YES;
				CLANG_WARN_BOOL_CONVERSION = YES;
				CLANG_WARN_COMMA = YES;
				CLANG_WARN_CONSTANT_CONVERSION = YES;
				CLANG_WARN_DEPRECATED_OBJC_IMPLEMENTATIONS = YES;
				CLANG_WARN_DIRECT_OBJC_ISA_USAGE = YES_ERROR;
				CLANG_WARN_DOCUMENTATION_COMMENTS = YES;
				CLANG_WARN_EMPTY_BODY = YES;
				CLANG_WARN_ENUM_CONVERSION = YES;
				CLANG_WARN_INFINITE_RECURSION = YES;
				CLANG_WARN_INT_CONVERSION = YES;
				CLANG_WARN_NON_LITERAL_NULL_CONVERSION = YES;
				CLANG_WARN_OBJC_IMPLICIT_RETAIN_SELF = YES;
				CLANG_WARN_OBJC_LITERAL_CONVERSION = YES;
				CLANG_WARN_OBJC_ROOT_CLASS = YES_ERROR;
				CLANG_WARN_QUOTED_INCLUDE_IN_FRAMEWORK_HEADER = YES;
				CLANG_WARN_RANGE_LOOP_ANALYSIS = YES;
				CLANG_WARN_STRICT_PROTOTYPES = YES;
				CLANG_WARN_SUSPICIOUS_MOVE = YES;
				CLANG_WARN_UNGUARDED_AVAILABILITY = YES_AGGRESSIVE;
				CLANG_WARN_UNREACHABLE_CODE = YES;
				CLANG_WARN__DUPLICATE_METHOD_MATCH = YES;
				COPY_PHASE_STRIP = NO;
				DEAD_CODE_STRIPPING = YES;
				DEBUG_INFORMATION_FORMAT = "dwarf-with-dsym";
				ENABLE_NS_ASSERTIONS = NO;
				ENABLE_STRICT_OBJC_MSGSEND = YES;
				GCC_C_LANGUAGE_STANDARD = gnu11;
				GCC_NO_COMMON_BLOCKS = YES;
				GCC_WARN_64_TO_32_BIT_CONVERSION = YES;
				GCC_WARN_ABOUT_RETURN_TYPE = YES_ERROR;
				GCC_WARN_UNDECLARED_SELECTOR = YES;
				GCC_WARN_UNINITIALIZED_AUTOS = YES_AGGRESSIVE;
				GCC_WARN_UNUSED_FUNCTION = YES;
				GCC_WARN_UNUSED_VARIABLE = YES;
				MTL_ENABLE_DEBUG_INFO = NO;
				MTL_FAST_MATH = YES;
				SDKROOT = macosx;
				SWIFT_COMPILATION_MODE = wholemodule;
				SWIFT_OPTIMIZATION_LEVEL = "-O";
				VERSIONING_SYSTEM = "apple-generic";
				VERSION_INFO_PREFIX = "";
			};
			name = Release;
		};
		C7ED71B3252DBEC70065B955 /* Debug */ = {
			isa = XCBuildConfiguration;
			baseConfigurationReference = C7ED7232252DC2F60065B955 /* Framework.xcconfig */;
			buildSettings = {
				CLANG_ENABLE_MODULES = YES;
				CODE_SIGN_STYLE = Automatic;
				COMBINE_HIDPI_IMAGES = YES;
				DEFINES_MODULE = YES;
				DYLIB_COMPATIBILITY_VERSION = 1;
				DYLIB_INSTALL_NAME_BASE = "@rpath";
				INSTALL_PATH = "$(LOCAL_LIBRARY_DIR)/Frameworks";
				SKIP_INSTALL = YES;
				SWIFT_OPTIMIZATION_LEVEL = "-Onone";
			};
			name = Debug;
		};
		C7ED71B4252DBEC70065B955 /* Release */ = {
			isa = XCBuildConfiguration;
			baseConfigurationReference = C7ED7232252DC2F60065B955 /* Framework.xcconfig */;
			buildSettings = {
				CLANG_ENABLE_MODULES = YES;
				CODE_SIGN_STYLE = Automatic;
				COMBINE_HIDPI_IMAGES = YES;
				DEFINES_MODULE = YES;
				DYLIB_COMPATIBILITY_VERSION = 1;
				DYLIB_INSTALL_NAME_BASE = "@rpath";
				INSTALL_PATH = "$(LOCAL_LIBRARY_DIR)/Frameworks";
				SKIP_INSTALL = YES;
			};
			name = Release;
		};
		C7ED71B6252DBEC70065B955 /* Debug */ = {
			isa = XCBuildConfiguration;
			baseConfigurationReference = C7ED7230252DC2F60065B955 /* FrameworkTests.xcconfig */;
			buildSettings = {
				ALWAYS_EMBED_SWIFT_STANDARD_LIBRARIES = YES;
				CODE_SIGN_STYLE = Automatic;
				COMBINE_HIDPI_IMAGES = YES;
			};
			name = Debug;
		};
		C7ED71B7252DBEC70065B955 /* Release */ = {
			isa = XCBuildConfiguration;
			baseConfigurationReference = C7ED7230252DC2F60065B955 /* FrameworkTests.xcconfig */;
			buildSettings = {
				ALWAYS_EMBED_SWIFT_STANDARD_LIBRARIES = YES;
				CODE_SIGN_STYLE = Automatic;
				COMBINE_HIDPI_IMAGES = YES;
			};
			name = Release;
		};
/* End XCBuildConfiguration section */

/* Begin XCConfigurationList section */
		C74F94BE26777D38003A88BE /* Build configuration list for PBXNativeTarget "CPuppy" */ = {
			isa = XCConfigurationList;
			buildConfigurations = (
				C74F94BA26777D38003A88BE /* Debug */,
				C74F94BB26777D38003A88BE /* Release */,
			);
			defaultConfigurationIsVisible = 0;
			defaultConfigurationName = Release;
		};
		C74F94BF26777D38003A88BE /* Build configuration list for PBXNativeTarget "CPuppyTests" */ = {
			isa = XCConfigurationList;
			buildConfigurations = (
				C74F94BC26777D38003A88BE /* Debug */,
				C74F94BD26777D38003A88BE /* Release */,
			);
			defaultConfigurationIsVisible = 0;
			defaultConfigurationName = Release;
		};
		C78B921C252DCFBD0026B9B1 /* Build configuration list for PBXAggregateTarget "SwiftLint" */ = {
			isa = XCConfigurationList;
			buildConfigurations = (
				C78B921A252DCFBD0026B9B1 /* Debug */,
				C78B921B252DCFBD0026B9B1 /* Release */,
			);
			defaultConfigurationIsVisible = 0;
			defaultConfigurationName = Release;
		};
		C7ED7198252DBEC70065B955 /* Build configuration list for PBXProject "Puppy" */ = {
			isa = XCConfigurationList;
			buildConfigurations = (
				C7ED71B0252DBEC70065B955 /* Debug */,
				C7ED71B1252DBEC70065B955 /* Release */,
			);
			defaultConfigurationIsVisible = 0;
			defaultConfigurationName = Release;
		};
		C7ED71B2252DBEC70065B955 /* Build configuration list for PBXNativeTarget "Puppy" */ = {
			isa = XCConfigurationList;
			buildConfigurations = (
				C7ED71B3252DBEC70065B955 /* Debug */,
				C7ED71B4252DBEC70065B955 /* Release */,
			);
			defaultConfigurationIsVisible = 0;
			defaultConfigurationName = Release;
		};
		C7ED71B5252DBEC70065B955 /* Build configuration list for PBXNativeTarget "PuppyTests" */ = {
			isa = XCConfigurationList;
			buildConfigurations = (
				C7ED71B6252DBEC70065B955 /* Debug */,
				C7ED71B7252DBEC70065B955 /* Release */,
			);
			defaultConfigurationIsVisible = 0;
			defaultConfigurationName = Release;
		};
/* End XCConfigurationList section */

/* Begin XCRemoteSwiftPackageReference section */
		C77B4C0529B62CE000F94C0E /* XCRemoteSwiftPackageReference "swift-log" */ = {
			isa = XCRemoteSwiftPackageReference;
			repositoryURL = "https://github.com/apple/swift-log.git";
			requirement = {
				kind = upToNextMinorVersion;
				minimumVersion = 1.5.2;
			};
		};
/* End XCRemoteSwiftPackageReference section */

/* Begin XCSwiftPackageProductDependency section */
		C77B4C0629B62CE000F94C0E /* Logging */ = {
			isa = XCSwiftPackageProductDependency;
			package = C77B4C0529B62CE000F94C0E /* XCRemoteSwiftPackageReference "swift-log" */;
			productName = Logging;
		};
/* End XCSwiftPackageProductDependency section */
	};
	rootObject = C7ED7195252DBEC70065B955 /* Project object */;
}
